
Microsoft Visual Studio Solution File, Format Version 12.00
# Visual Studio Version 17
VisualStudioVersion = 17.14.36221.1 d17.14
MinimumVisualStudioVersion = 10.0.40219.1
Project("{FAE04EC0-301F-11D3-BF4B-00C04F79EFBC}") = "RazorMovies", "RazorMovies\RazorMovies.csproj", "{1AE274EA-FE01-4B35-B7AC-7AB58D689197}"
EndProject
Global
	GlobalSection(SolutionConfigurationPlatforms) = preSolution
		Debug|Any CPU = Debug|Any CPU
		Release|Any CPU = Release|Any CPU
	EndGlobalSection
	GlobalSection(ProjectConfigurationPlatforms) = postSolution
		{1AE274EA-FE01-4B35-B7AC-7AB58D689197}.Debug|Any CPU.ActiveCfg = Debug|Any CPU
		{1AE274EA-FE01-4B35-B7AC-7AB58D689197}.Debug|Any CPU.Build.0 = Debug|Any CPU
		{1AE274EA-FE01-4B35-B7AC-7AB58D689197}.Release|Any CPU.ActiveCfg = Release|Any CPU
		{1AE274EA-FE01-4B35-B7AC-7AB58D689197}.Release|Any CPU.Build.0 = Release|Any CPU
	EndGlobalSection
	GlobalSection(SolutionProperties) = preSolution
		HideSolutionNode = FALSE
	EndGlobalSection
	GlobalSection(ExtensibilityGlobals) = postSolution
		SolutionGuid = {1FFD8EA3-78EF-4626-8020-1C8E299F3346}
	EndGlobalSection
EndGlobal
